
Microsoft Visual Studio Solution File, Format Version 12.00
# Visual Studio Version 17
VisualStudioVersion = 17.2.32519.379
MinimumVisualStudioVersion = 10.0.40219.1
Project("{FAE04EC0-301F-11D3-BF4B-00C04F79EFBC}") = "KoitsKards", "KoitsKards\KoitsKards.csproj", "{153C545A-26AB-41D5-B72A-8428AFDC63F0}"
EndProject
Global
	GlobalSection(SolutionConfigurationPlatforms) = preSolution
		Debug|Any CPU = Debug|Any CPU
		Release|Any CPU = Release|Any CPU
	EndGlobalSection
	GlobalSection(ProjectConfigurationPlatforms) = postSolution
		{153C545A-26AB-41D5-B72A-8428AFDC63F0}.Debug|Any CPU.ActiveCfg = Debug|Any CPU
		{153C545A-26AB-41D5-B72A-8428AFDC63F0}.Debug|Any CPU.Build.0 = Debug|Any CPU
		{153C545A-26AB-41D5-B72A-8428AFDC63F0}.Release|Any CPU.ActiveCfg = Release|Any CPU
		{153C545A-26AB-41D5-B72A-8428AFDC63F0}.Release|Any CPU.Build.0 = Release|Any CPU
	EndGlobalSection
	GlobalSection(SolutionProperties) = preSolution
		HideSolutionNode = FALSE
	EndGlobalSection
	GlobalSection(ExtensibilityGlobals) = postSolution
		SolutionGuid = {218BE48D-AB17-45FF-AECF-8BC8DA3B98FB}
	EndGlobalSection
EndGlobal
